
Microsoft Visual Studio Solution File, Format Version 12.00
# Visual Studio Version 17
VisualStudioVersion = 17.3.32922.545
MinimumVisualStudioVersion = 10.0.40219.1
Project("{FAE04EC0-301F-11D3-BF4B-00C04F79EFBC}") = "Batch13OOP", "Batch13OOP\Batch13OOP.csproj", "{833B4080-6651-4C28-8928-9399925A6A37}"
EndProject
Global
	GlobalSection(SolutionConfigurationPlatforms) = preSolution
		Debug|Any CPU = Debug|Any CPU
		Release|Any CPU = Release|Any CPU
	EndGlobalSection
	GlobalSection(ProjectConfigurationPlatforms) = postSolution
		{833B4080-6651-4C28-8928-9399925A6A37}.Debug|Any CPU.ActiveCfg = Debug|Any CPU
		{833B4080-6651-4C28-8928-9399925A6A37}.Debug|Any CPU.Build.0 = Debug|Any CPU
		{833B4080-6651-4C28-8928-9399925A6A37}.Release|Any CPU.ActiveCfg = Release|Any CPU
		{833B4080-6651-4C28-8928-9399925A6A37}.Release|Any CPU.Build.0 = Release|Any CPU
	EndGlobalSection
	GlobalSection(SolutionProperties) = preSolution
		HideSolutionNode = FALSE
	EndGlobalSection
	GlobalSection(ExtensibilityGlobals) = postSolution
		SolutionGuid = {CEA79681-3119-4AE9-8CF5-455D1B515403}
	EndGlobalSection
EndGlobal
